{
    "version": 3,
    "terraform_version": "0.9.5",
    "serial": 2,
    "lineage": "b7462715-99e8-4935-9d35-547505eeae8c",
    "modules": [
        {
            "path": [
                "root"
            ],
            "outputs": {},
            "resources": {
                "aws_api_gateway_rest_api.caviar_api": {
                    "type": "aws_api_gateway_rest_api",
                    "depends_on": [],
                    "primary": {
                        "id": "9yykb471bh",
                        "attributes": {
                            "binary_media_types.#": "0",
                            "created_date": "2017-06-30T13:45:27Z",
                            "description": "",
                            "id": "9yykb471bh",
                            "name": "Cav API",
                            "root_resource_id": "h26natop5m"
                        },
                        "meta": {},
                        "tainted": false
                    },
                    "deposed": [],
                    "provider": ""
                },
                "aws_s3_bucket.cav_dev": {
                    "type": "aws_s3_bucket",
                    "depends_on": [],
                    "primary": {
                        "id": "caviarexpert-dev",
                        "attributes": {
                            "acceleration_status": "",
                            "acl": "private",
                            "arn": "arn:aws:s3:::caviarexpert-dev",
                            "bucket": "caviarexpert-dev",
                            "bucket_domain_name": "caviarexpert-dev.s3.amazonaws.com",
                            "force_destroy": "false",
                            "hosted_zone_id": "Z1BKCTXD74EZPE",
                            "id": "caviarexpert-dev",
                            "logging.#": "0",
                            "region": "eu-west-1",
                            "request_payer": "BucketOwner",
                            "tags.%": "2",
                            "tags.Environment": "Dev",
                            "tags.Name": "Cav DEV backet",
                            "versioning.#": "1",
                            "versioning.0.enabled": "false",
                            "versioning.0.mfa_delete": "false",
                            "website.#": "0"
                        },
                        "meta": {},
                        "tainted": false
                    },
                    "deposed": [],
                    "provider": ""
                },
                "aws_s3_bucket_object.lambda_zip": {
                    "type": "aws_s3_bucket_object",
                    "depends_on": [
                        "aws_s3_bucket.cav_dev"
                    ],
                    "primary": {
                        "id": "lambda-dev-zip",
                        "attributes": {
                            "acl": "private",
                            "bucket": "caviarexpert-dev",
                            "cache_control": "",
                            "content_disposition": "",
                            "content_encoding": "",
                            "content_language": "",
                            "content_type": "binary/octet-stream",
                            "etag": "5d74eef818e7fc62af1cb3463b30f479",
                            "id": "lambda-dev-zip",
                            "key": "lambda-dev-zip",
                            "server_side_encryption": "",
                            "source": "C:\\Java\\Project-Boot2\\AwsApiLambda\\target\\demo-4.0.0-shaded.jar",
                            "storage_class": "STANDARD",
                            "tags.%": "0",
                            "version_id": ""
                        },
                        "meta": {},
                        "tainted": false
                    },
                    "deposed": [],
                    "provider": ""
                }
            },
            "depends_on": []
        },
        {
            "path": [
                "root",
                "paypal"
            ],
            "outputs": {},
            "resources": {
                "aws_api_gateway_resource.Paypal": {
                    "type": "aws_api_gateway_resource",
                    "depends_on": [],
                    "primary": {
                        "id": "eumcg4",
                        "attributes": {
                            "id": "eumcg4",
                            "parent_id": "h26natop5m",
                            "path": "/paypal",
                            "path_part": "paypal",
                            "rest_api_id": "9yykb471bh"
                        },
                        "meta": {},
                        "tainted": false
                    },
                    "deposed": [],
                    "provider": ""
                }
            },
            "depends_on": []
        },
        {
            "path": [
                "root",
                "paypal",
                "PreflightCors"
            ],
            "outputs": {},
            "resources": {
                "aws_api_gateway_integration.ResourceOptionsIntegration": {
                    "type": "aws_api_gateway_integration",
                    "depends_on": [
                        "aws_api_gateway_method.ResourceOptions"
                    ],
                    "primary": {
                        "id": "agi-9yykb471bh-eumcg4-OPTIONS",
                        "attributes": {
                            "http_method": "OPTIONS",
                            "id": "agi-9yykb471bh-eumcg4-OPTIONS",
                            "passthrough_behavior": "WHEN_NO_MATCH",
                            "request_parameters.%": "0",
                            "request_templates.%": "1",
                            "request_templates.application/json": "{ \"statusCode\": 200 }\n",
                            "resource_id": "eumcg4",
                            "rest_api_id": "9yykb471bh",
                            "type": "MOCK"
                        },
                        "meta": {},
                        "tainted": false
                    },
                    "deposed": [],
                    "provider": ""
                },
                "aws_api_gateway_method.ResourceOptions": {
                    "type": "aws_api_gateway_method",
                    "depends_on": [],
                    "primary": {
                        "id": "agm-9yykb471bh-eumcg4-OPTIONS",
                        "attributes": {
                            "api_key_required": "false",
                            "authorization": "NONE",
                            "http_method": "OPTIONS",
                            "id": "agm-9yykb471bh-eumcg4-OPTIONS",
                            "resource_id": "eumcg4",
                            "rest_api_id": "9yykb471bh"
                        },
                        "meta": {},
                        "tainted": false
                    },
                    "deposed": [],
                    "provider": ""
                }
            },
            "depends_on": []
        }
    ]
}
